
Microsoft Visual Studio Solution File, Format Version 12.00
# Visual Studio Version 16
VisualStudioVersion = 16.0.30503.244
MinimumVisualStudioVersion = 10.0.40219.1
Project("{FAE04EC0-301F-11D3-BF4B-00C04F79EFBC}") = "Decoder", "ConsoleApp1\Decoder.csproj", "{939BAF4D-B1B1-4D4E-B7C2-AC365E33D02B}"
EndProject
Project("{FAE04EC0-301F-11D3-BF4B-00C04F79EFBC}") = "Array.diff", "Array.dif\Array.diff.csproj", "{7CA37EFF-AA69-4FA2-96B4-A340BA82C8A1}"
EndProject
Project("{FAE04EC0-301F-11D3-BF4B-00C04F79EFBC}") = "LearningLinq", "LearningLinq\LearningLinq.csproj", "{790B32AF-23DC-47AC-A36D-D3036D0524F0}"
EndProject
Project("{FAE04EC0-301F-11D3-BF4B-00C04F79EFBC}") = "N-thPower", "N-thPower\N-thPower.csproj", "{A54DF01F-2E03-4C47-A482-AD9FB3C13B32}"
EndProject
Project("{FAE04EC0-301F-11D3-BF4B-00C04F79EFBC}") = "Rot13", "Rot13\Rot13.csproj", "{5E48949B-5FAC-46FF-9FC5-9E195EC9BF31}"
EndProject
Project("{FAE04EC0-301F-11D3-BF4B-00C04F79EFBC}") = "HolidayVI-SharkPontoon", "HolidayVI-SharkPontoon\HolidayVI-SharkPontoon.csproj", "{426F2E9D-0914-4E3F-A519-BD42438A0BB0}"
EndProject
Project("{FAE04EC0-301F-11D3-BF4B-00C04F79EFBC}") = "Can_we_divide_it", "Can_we_divide_it\Can_we_divide_it.csproj", "{8B396E58-A184-4A9B-899F-93D3FC5BFBF9}"
EndProject
Project("{FAE04EC0-301F-11D3-BF4B-00C04F79EFBC}") = "Word_values", "Word_values\Word_values.csproj", "{BC705815-C540-4239-BCDB-184DE68273E1}"
EndProject
Project("{FAE04EC0-301F-11D3-BF4B-00C04F79EFBC}") = "Simple_equation_reversal", "Simple_equation_reversal\Simple_equation_reversal.csproj", "{8D303806-5A58-428C-9504-C354470741F4}"
EndProject
Project("{FAE04EC0-301F-11D3-BF4B-00C04F79EFBC}") = "Filling_an_array(part1)", "Filling_an_array(part1)\Filling_an_array(part1).csproj", "{CE232A19-D2AE-4805-9629-0483C42E3A1D}"
EndProject
Project("{FAE04EC0-301F-11D3-BF4B-00C04F79EFBC}") = "Turkish_Numbers_0-99", "Turkish_Numbers_0-99\Turkish_Numbers_0-99.csproj", "{B2FDC50C-6E5A-414D-A031-F7B8ADCC51F2}"
EndProject
Global
	GlobalSection(SolutionConfigurationPlatforms) = preSolution
		Debug|Any CPU = Debug|Any CPU
		Release|Any CPU = Release|Any CPU
	EndGlobalSection
	GlobalSection(ProjectConfigurationPlatforms) = postSolution
		{939BAF4D-B1B1-4D4E-B7C2-AC365E33D02B}.Debug|Any CPU.ActiveCfg = Debug|Any CPU
		{939BAF4D-B1B1-4D4E-B7C2-AC365E33D02B}.Debug|Any CPU.Build.0 = Debug|Any CPU
		{939BAF4D-B1B1-4D4E-B7C2-AC365E33D02B}.Release|Any CPU.ActiveCfg = Release|Any CPU
		{939BAF4D-B1B1-4D4E-B7C2-AC365E33D02B}.Release|Any CPU.Build.0 = Release|Any CPU
		{7CA37EFF-AA69-4FA2-96B4-A340BA82C8A1}.Debug|Any CPU.ActiveCfg = Debug|Any CPU
		{7CA37EFF-AA69-4FA2-96B4-A340BA82C8A1}.Debug|Any CPU.Build.0 = Debug|Any CPU
		{7CA37EFF-AA69-4FA2-96B4-A340BA82C8A1}.Release|Any CPU.ActiveCfg = Release|Any CPU
		{7CA37EFF-AA69-4FA2-96B4-A340BA82C8A1}.Release|Any CPU.Build.0 = Release|Any CPU
		{790B32AF-23DC-47AC-A36D-D3036D0524F0}.Debug|Any CPU.ActiveCfg = Debug|Any CPU
		{790B32AF-23DC-47AC-A36D-D3036D0524F0}.Debug|Any CPU.Build.0 = Debug|Any CPU
		{790B32AF-23DC-47AC-A36D-D3036D0524F0}.Release|Any CPU.ActiveCfg = Release|Any CPU
		{790B32AF-23DC-47AC-A36D-D3036D0524F0}.Release|Any CPU.Build.0 = Release|Any CPU
		{A54DF01F-2E03-4C47-A482-AD9FB3C13B32}.Debug|Any CPU.ActiveCfg = Debug|Any CPU
		{A54DF01F-2E03-4C47-A482-AD9FB3C13B32}.Debug|Any CPU.Build.0 = Debug|Any CPU
		{A54DF01F-2E03-4C47-A482-AD9FB3C13B32}.Release|Any CPU.ActiveCfg = Release|Any CPU
		{A54DF01F-2E03-4C47-A482-AD9FB3C13B32}.Release|Any CPU.Build.0 = Release|Any CPU
		{5E48949B-5FAC-46FF-9FC5-9E195EC9BF31}.Debug|Any CPU.ActiveCfg = Debug|Any CPU
		{5E48949B-5FAC-46FF-9FC5-9E195EC9BF31}.Debug|Any CPU.Build.0 = Debug|Any CPU
		{5E48949B-5FAC-46FF-9FC5-9E195EC9BF31}.Release|Any CPU.ActiveCfg = Release|Any CPU
		{5E48949B-5FAC-46FF-9FC5-9E195EC9BF31}.Release|Any CPU.Build.0 = Release|Any CPU
		{426F2E9D-0914-4E3F-A519-BD42438A0BB0}.Debug|Any CPU.ActiveCfg = Debug|Any CPU
		{426F2E9D-0914-4E3F-A519-BD42438A0BB0}.Debug|Any CPU.Build.0 = Debug|Any CPU
		{426F2E9D-0914-4E3F-A519-BD42438A0BB0}.Release|Any CPU.ActiveCfg = Release|Any CPU
		{426F2E9D-0914-4E3F-A519-BD42438A0BB0}.Release|Any CPU.Build.0 = Release|Any CPU
		{8B396E58-A184-4A9B-899F-93D3FC5BFBF9}.Debug|Any CPU.ActiveCfg = Debug|Any CPU
		{8B396E58-A184-4A9B-899F-93D3FC5BFBF9}.Debug|Any CPU.Build.0 = Debug|Any CPU
		{8B396E58-A184-4A9B-899F-93D3FC5BFBF9}.Release|Any CPU.ActiveCfg = Release|Any CPU
		{8B396E58-A184-4A9B-899F-93D3FC5BFBF9}.Release|Any CPU.Build.0 = Release|Any CPU
		{BC705815-C540-4239-BCDB-184DE68273E1}.Debug|Any CPU.ActiveCfg = Debug|Any CPU
		{BC705815-C540-4239-BCDB-184DE68273E1}.Debug|Any CPU.Build.0 = Debug|Any CPU
		{BC705815-C540-4239-BCDB-184DE68273E1}.Release|Any CPU.ActiveCfg = Release|Any CPU
		{BC705815-C540-4239-BCDB-184DE68273E1}.Release|Any CPU.Build.0 = Release|Any CPU
		{8D303806-5A58-428C-9504-C354470741F4}.Debug|Any CPU.ActiveCfg = Debug|Any CPU
		{8D303806-5A58-428C-9504-C354470741F4}.Debug|Any CPU.Build.0 = Debug|Any CPU
		{8D303806-5A58-428C-9504-C354470741F4}.Release|Any CPU.ActiveCfg = Release|Any CPU
		{8D303806-5A58-428C-9504-C354470741F4}.Release|Any CPU.Build.0 = Release|Any CPU
		{CE232A19-D2AE-4805-9629-0483C42E3A1D}.Debug|Any CPU.ActiveCfg = Debug|Any CPU
		{CE232A19-D2AE-4805-9629-0483C42E3A1D}.Debug|Any CPU.Build.0 = Debug|Any CPU
		{CE232A19-D2AE-4805-9629-0483C42E3A1D}.Release|Any CPU.ActiveCfg = Release|Any CPU
		{CE232A19-D2AE-4805-9629-0483C42E3A1D}.Release|Any CPU.Build.0 = Release|Any CPU
		{B2FDC50C-6E5A-414D-A031-F7B8ADCC51F2}.Debug|Any CPU.ActiveCfg = Debug|Any CPU
		{B2FDC50C-6E5A-414D-A031-F7B8ADCC51F2}.Debug|Any CPU.Build.0 = Debug|Any CPU
		{B2FDC50C-6E5A-414D-A031-F7B8ADCC51F2}.Release|Any CPU.ActiveCfg = Release|Any CPU
		{B2FDC50C-6E5A-414D-A031-F7B8ADCC51F2}.Release|Any CPU.Build.0 = Release|Any CPU
	EndGlobalSection
	GlobalSection(SolutionProperties) = preSolution
		HideSolutionNode = FALSE
	EndGlobalSection
	GlobalSection(ExtensibilityGlobals) = postSolution
		SolutionGuid = {C69A03C2-F04A-440D-B304-835FB18C4476}
	EndGlobalSection
EndGlobal
